
Microsoft Visual Studio Solution File, Format Version 12.00
# Visual Studio Version 16
VisualStudioVersion = 16.0.30413.136
MinimumVisualStudioVersion = 10.0.40219.1
Project("{9A19103F-16F7-4668-BE54-9A1E7A4F7556}") = "DM1", "DM1\DM1.csproj", "{35B61FAB-D4C5-4E5D-A320-31876E70CB92}"
EndProject
Project("{9A19103F-16F7-4668-BE54-9A1E7A4F7556}") = "Dm1_2", "Dm1_2\Dm1_2.csproj", "{E6B5665A-538A-4515-9BB5-CA35B002A4DA}"
EndProject
Project("{9A19103F-16F7-4668-BE54-9A1E7A4F7556}") = "Dm1_3", "Dm1_3\Dm1_3.csproj", "{A4AE28ED-9DF5-49F6-AD83-2B70BD480DFA}"
EndProject
Project("{FAE04EC0-301F-11D3-BF4B-00C04F79EFBC}") = "Dm1_4", "Dm1_4\Dm1_4.csproj", "{ADFD8D81-28F4-4EE4-8CE0-92B62D47760F}"
EndProject
Global
	GlobalSection(SolutionConfigurationPlatforms) = preSolution
		Debug|Any CPU = Debug|Any CPU
		Release|Any CPU = Release|Any CPU
	EndGlobalSection
	GlobalSection(ProjectConfigurationPlatforms) = postSolution
		{35B61FAB-D4C5-4E5D-A320-31876E70CB92}.Debug|Any CPU.ActiveCfg = Debug|Any CPU
		{35B61FAB-D4C5-4E5D-A320-31876E70CB92}.Debug|Any CPU.Build.0 = Debug|Any CPU
		{35B61FAB-D4C5-4E5D-A320-31876E70CB92}.Release|Any CPU.ActiveCfg = Release|Any CPU
		{35B61FAB-D4C5-4E5D-A320-31876E70CB92}.Release|Any CPU.Build.0 = Release|Any CPU
		{E6B5665A-538A-4515-9BB5-CA35B002A4DA}.Debug|Any CPU.ActiveCfg = Debug|Any CPU
		{E6B5665A-538A-4515-9BB5-CA35B002A4DA}.Debug|Any CPU.Build.0 = Debug|Any CPU
		{E6B5665A-538A-4515-9BB5-CA35B002A4DA}.Release|Any CPU.ActiveCfg = Release|Any CPU
		{E6B5665A-538A-4515-9BB5-CA35B002A4DA}.Release|Any CPU.Build.0 = Release|Any CPU
		{A4AE28ED-9DF5-49F6-AD83-2B70BD480DFA}.Debug|Any CPU.ActiveCfg = Debug|Any CPU
		{A4AE28ED-9DF5-49F6-AD83-2B70BD480DFA}.Debug|Any CPU.Build.0 = Debug|Any CPU
		{A4AE28ED-9DF5-49F6-AD83-2B70BD480DFA}.Release|Any CPU.ActiveCfg = Release|Any CPU
		{A4AE28ED-9DF5-49F6-AD83-2B70BD480DFA}.Release|Any CPU.Build.0 = Release|Any CPU
		{ADFD8D81-28F4-4EE4-8CE0-92B62D47760F}.Debug|Any CPU.ActiveCfg = Debug|Any CPU
		{ADFD8D81-28F4-4EE4-8CE0-92B62D47760F}.Debug|Any CPU.Build.0 = Debug|Any CPU
		{ADFD8D81-28F4-4EE4-8CE0-92B62D47760F}.Release|Any CPU.ActiveCfg = Release|Any CPU
		{ADFD8D81-28F4-4EE4-8CE0-92B62D47760F}.Release|Any CPU.Build.0 = Release|Any CPU
	EndGlobalSection
	GlobalSection(SolutionProperties) = preSolution
		HideSolutionNode = FALSE
	EndGlobalSection
	GlobalSection(ExtensibilityGlobals) = postSolution
		SolutionGuid = {8B4A445A-745B-4034-B319-D52A64CEDE86}
	EndGlobalSection
EndGlobal
